
Microsoft Visual Studio Solution File, Format Version 12.00
# Visual Studio Version 16
VisualStudioVersion = 16.0.30907.101
MinimumVisualStudioVersion = 10.0.40219.1
Project("{159641D6-6404-4A2A-AE62-294DE0FE8301}") = "SSIS_Library", "SSIS_Library.dtproj", "{DBF0FC05-B614-4B5E-806D-9C36D543E45B}"
EndProject
Global
	GlobalSection(SolutionConfigurationPlatforms) = preSolution
		Development|Default = Development|Default
	EndGlobalSection
	GlobalSection(ProjectConfigurationPlatforms) = postSolution
		{DBF0FC05-B614-4B5E-806D-9C36D543E45B}.Development|Default.ActiveCfg = Development
		{DBF0FC05-B614-4B5E-806D-9C36D543E45B}.Development|Default.Build.0 = Development
	EndGlobalSection
	GlobalSection(SolutionProperties) = preSolution
		HideSolutionNode = FALSE
	EndGlobalSection
	GlobalSection(ExtensibilityGlobals) = postSolution
		SolutionGuid = {CA0813EB-969D-4F16-85DD-D27D2A8E4E30}
	EndGlobalSection
EndGlobal
